{
  "object": {
    "pins": [
      {
        "package": "Sede",
        "repositoryURL": "https://github.com/rizumita/Sede",
        "state": {
          "branch": null,
          "revision": "a1fed7ab84342a0864b91df847625825734bda41",
          "version": "0.3.3"
        }
      }
    ]
  },
  "version": 1
}
