// !$*UTF8*$!
{
	archiveVersion = 1;
	classes = {
	};
	objectVersion = 50;
	objects = {

/* Begin PBXBuildFile section */
		6A7CA73625F826D000E0F5CC /* SedeMemoApp.swift in Sources */ = {isa = PBXBuildFile; fileRef = 6A7CA73525F826D000E0F5CC /* SedeMemoApp.swift */; };
		6A7CA73825F826D000E0F5CC /* ContentView.swift in Sources */ = {isa = PBXBuildFile; fileRef = 6A7CA73725F826D000E0F5CC /* ContentView.swift */; };
		6A7CA73A25F826D100E0F5CC /* Assets.xcassets in Resources */ = {isa = PBXBuildFile; fileRef = 6A7CA73925F826D100E0F5CC /* Assets.xcassets */; };
		6A7CA73D25F826D100E0F5CC /* Preview Assets.xcassets in Resources */ = {isa = PBXBuildFile; fileRef = 6A7CA73C25F826D100E0F5CC /* Preview Assets.xcassets */; };
		CB876048F8D9C0DC85781004 /* Functions.swift in Sources */ = {isa = PBXBuildFile; fileRef = CB87602AB3CE27D7920EAF60 /* Functions.swift */; };
		CB8763B059A75C15D84A4398 /* MemoSelectorReap.swift in Sources */ = {isa = PBXBuildFile; fileRef = CB876B23D545CA779F9DA2B1 /* MemoSelectorReap.swift */; };
		CB8763C1BAA4676F369A8016 /* MemoStore.swift in Sources */ = {isa = PBXBuildFile; fileRef = CB876E81E165D11F4FB8A026 /* MemoStore.swift */; };
		CB87654A682F2F623F8FDFB8 /* UpdateMemoEditorWorkflow.swift in Sources */ = {isa = PBXBuildFile; fileRef = CB8768F16E4D0D68C785CA9A /* UpdateMemoEditorWorkflow.swift */; };
		CB87661DAE312B2928E4B7C9 /* MemoEditor.swift in Sources */ = {isa = PBXBuildFile; fileRef = CB876B28C50E05B7BB217F4B /* MemoEditor.swift */; };
		CB87664AD9944E619916D302 /* MemoEditorView.swift in Sources */ = {isa = PBXBuildFile; fileRef = CB8760864B94148A1BBE30E2 /* MemoEditorView.swift */; };
		CB8766BFE028C9A74509E6F4 /* Environments.swift in Sources */ = {isa = PBXBuildFile; fileRef = CB876BC5BB2E2DBB08DA15B9 /* Environments.swift */; };
		CB8767FC49B17D5204324AE2 /* SelectMemoWorkflow.swift in Sources */ = {isa = PBXBuildFile; fileRef = CB876188842098B4E9B64F69 /* SelectMemoWorkflow.swift */; };
		CB876A230E7E84D7FB788925 /* NavigationItemButton.swift in Sources */ = {isa = PBXBuildFile; fileRef = CB876CF2684A20E0568E9689 /* NavigationItemButton.swift */; };
		CB876BA2550FDBEAE07C5645 /* MemoEditorReap.swift in Sources */ = {isa = PBXBuildFile; fileRef = CB87675E38E38DC9428204BA /* MemoEditorReap.swift */; };
		CB876CBD0E7B72E82D31D8D5 /* Seeds.swift in Sources */ = {isa = PBXBuildFile; fileRef = CB876D68F5DB46AF16A6073D /* Seeds.swift */; };
		CB876DDB5267BC1E20F8DADF /* SaveMemoWorkflow.swift in Sources */ = {isa = PBXBuildFile; fileRef = CB876A1CE5EB5A92AC692BC2 /* SaveMemoWorkflow.swift */; };
		CB876F459214A1A60983529A /* MemoSelectorView.swift in Sources */ = {isa = PBXBuildFile; fileRef = CB876DC9DC547F4BD5B3707C /* MemoSelectorView.swift */; };
		CB876FEA782791B799FC0411 /* Memo.swift in Sources */ = {isa = PBXBuildFile; fileRef = CB876B7CC7B1BB7D93F65DF6 /* Memo.swift */; };
/* End PBXBuildFile section */

/* Begin PBXContainerItemProxy section */
		6ADC923925FDE99400D51821 /* PBXContainerItemProxy */ = {
			isa = PBXContainerItemProxy;
			containerPortal = 6ADC923225FDE99400D51821 /* Sede.xcodeproj */;
			proxyType = 2;
			remoteGlobalIDString = "Sede::Sede::Product";
			remoteInfo = Sede;
		};
		6ADC923B25FDE99400D51821 /* PBXContainerItemProxy */ = {
			isa = PBXContainerItemProxy;
			containerPortal = 6ADC923225FDE99400D51821 /* Sede.xcodeproj */;
			proxyType = 2;
			remoteGlobalIDString = "Sede::SedeTests::Product";
			remoteInfo = SedeTests;
		};
		6ADC923D25FDE99B00D51821 /* PBXContainerItemProxy */ = {
			isa = PBXContainerItemProxy;
			containerPortal = 6ADC923225FDE99400D51821 /* Sede.xcodeproj */;
			proxyType = 1;
			remoteGlobalIDString = "Sede::Sede";
			remoteInfo = Sede;
		};
/* End PBXContainerItemProxy section */

/* Begin PBXFileReference section */
		6A7CA73225F826D000E0F5CC /* SedeMemo.app */ = {isa = PBXFileReference; explicitFileType = wrapper.application; includeInIndex = 0; path = SedeMemo.app; sourceTree = BUILT_PRODUCTS_DIR; };
		6A7CA73525F826D000E0F5CC /* SedeMemoApp.swift */ = {isa = PBXFileReference; lastKnownFileType = sourcecode.swift; path = SedeMemoApp.swift; sourceTree = "<group>"; };
		6A7CA73725F826D000E0F5CC /* ContentView.swift */ = {isa = PBXFileReference; lastKnownFileType = sourcecode.swift; path = ContentView.swift; sourceTree = "<group>"; };
		6A7CA73925F826D100E0F5CC /* Assets.xcassets */ = {isa = PBXFileReference; lastKnownFileType = folder.assetcatalog; path = Assets.xcassets; sourceTree = "<group>"; };
		6A7CA73C25F826D100E0F5CC /* Preview Assets.xcassets */ = {isa = PBXFileReference; lastKnownFileType = folder.assetcatalog; path = "Preview Assets.xcassets"; sourceTree = "<group>"; };
		6A7CA73E25F826D100E0F5CC /* Info.plist */ = {isa = PBXFileReference; lastKnownFileType = text.plist.xml; path = Info.plist; sourceTree = "<group>"; };
		6ADC923225FDE99400D51821 /* Sede.xcodeproj */ = {isa = PBXFileReference; lastKnownFileType = "wrapper.pb-project"; name = Sede.xcodeproj; path = ../Sede.xcodeproj; sourceTree = "<group>"; };
		CB87602AB3CE27D7920EAF60 /* Functions.swift */ = {isa = PBXFileReference; fileEncoding = 4; lastKnownFileType = sourcecode.swift; path = Functions.swift; sourceTree = "<group>"; };
		CB8760864B94148A1BBE30E2 /* MemoEditorView.swift */ = {isa = PBXFileReference; fileEncoding = 4; lastKnownFileType = sourcecode.swift; path = MemoEditorView.swift; sourceTree = "<group>"; };
		CB876188842098B4E9B64F69 /* SelectMemoWorkflow.swift */ = {isa = PBXFileReference; fileEncoding = 4; lastKnownFileType = sourcecode.swift; path = SelectMemoWorkflow.swift; sourceTree = "<group>"; };
		CB87675E38E38DC9428204BA /* MemoEditorReap.swift */ = {isa = PBXFileReference; fileEncoding = 4; lastKnownFileType = sourcecode.swift; path = MemoEditorReap.swift; sourceTree = "<group>"; };
		CB8768F16E4D0D68C785CA9A /* UpdateMemoEditorWorkflow.swift */ = {isa = PBXFileReference; fileEncoding = 4; lastKnownFileType = sourcecode.swift; path = UpdateMemoEditorWorkflow.swift; sourceTree = "<group>"; };
		CB876A1CE5EB5A92AC692BC2 /* SaveMemoWorkflow.swift */ = {isa = PBXFileReference; fileEncoding = 4; lastKnownFileType = sourcecode.swift; path = SaveMemoWorkflow.swift; sourceTree = "<group>"; };
		CB876B23D545CA779F9DA2B1 /* MemoSelectorReap.swift */ = {isa = PBXFileReference; fileEncoding = 4; lastKnownFileType = sourcecode.swift; path = MemoSelectorReap.swift; sourceTree = "<group>"; };
		CB876B28C50E05B7BB217F4B /* MemoEditor.swift */ = {isa = PBXFileReference; fileEncoding = 4; lastKnownFileType = sourcecode.swift; path = MemoEditor.swift; sourceTree = "<group>"; };
		CB876B7CC7B1BB7D93F65DF6 /* Memo.swift */ = {isa = PBXFileReference; fileEncoding = 4; lastKnownFileType = sourcecode.swift; path = Memo.swift; sourceTree = "<group>"; };
		CB876BC5BB2E2DBB08DA15B9 /* Environments.swift */ = {isa = PBXFileReference; fileEncoding = 4; lastKnownFileType = sourcecode.swift; path = Environments.swift; sourceTree = "<group>"; };
		CB876CF2684A20E0568E9689 /* NavigationItemButton.swift */ = {isa = PBXFileReference; fileEncoding = 4; lastKnownFileType = sourcecode.swift; path = NavigationItemButton.swift; sourceTree = "<group>"; };
		CB876D68F5DB46AF16A6073D /* Seeds.swift */ = {isa = PBXFileReference; fileEncoding = 4; lastKnownFileType = sourcecode.swift; path = Seeds.swift; sourceTree = "<group>"; };
		CB876DC9DC547F4BD5B3707C /* MemoSelectorView.swift */ = {isa = PBXFileReference; fileEncoding = 4; lastKnownFileType = sourcecode.swift; path = MemoSelectorView.swift; sourceTree = "<group>"; };
		CB876E81E165D11F4FB8A026 /* MemoStore.swift */ = {isa = PBXFileReference; fileEncoding = 4; lastKnownFileType = sourcecode.swift; path = MemoStore.swift; sourceTree = "<group>"; };
/* End PBXFileReference section */

/* Begin PBXFrameworksBuildPhase section */
		6A7CA72F25F826D000E0F5CC /* Frameworks */ = {
			isa = PBXFrameworksBuildPhase;
			buildActionMask = 2147483647;
			files = (
			);
			runOnlyForDeploymentPostprocessing = 0;
		};
/* End PBXFrameworksBuildPhase section */

/* Begin PBXGroup section */
		6A7CA72925F826D000E0F5CC = {
			isa = PBXGroup;
			children = (
				6ADC923225FDE99400D51821 /* Sede.xcodeproj */,
				6A7CA73425F826D000E0F5CC /* SedeMemo */,
				6A7CA73325F826D000E0F5CC /* Products */,
			);
			sourceTree = "<group>";
		};
		6A7CA73325F826D000E0F5CC /* Products */ = {
			isa = PBXGroup;
			children = (
				6A7CA73225F826D000E0F5CC /* SedeMemo.app */,
			);
			name = Products;
			sourceTree = "<group>";
		};
		6A7CA73425F826D000E0F5CC /* SedeMemo */ = {
			isa = PBXGroup;
			children = (
				6A7CA73525F826D000E0F5CC /* SedeMemoApp.swift */,
				6A7CA73725F826D000E0F5CC /* ContentView.swift */,
				6A7CA73925F826D100E0F5CC /* Assets.xcassets */,
				6A7CA73E25F826D100E0F5CC /* Info.plist */,
				6A7CA73B25F826D100E0F5CC /* Preview Content */,
				CB876D97466F822DFE416B65 /* Features */,
				CB87602AB3CE27D7920EAF60 /* Functions.swift */,
			);
			path = SedeMemo;
			sourceTree = "<group>";
		};
		6A7CA73B25F826D100E0F5CC /* Preview Content */ = {
			isa = PBXGroup;
			children = (
				6A7CA73C25F826D100E0F5CC /* Preview Assets.xcassets */,
			);
			path = "Preview Content";
			sourceTree = "<group>";
		};
		6ADC923325FDE99400D51821 /* Products */ = {
			isa = PBXGroup;
			children = (
				6ADC923A25FDE99400D51821 /* Sede.framework */,
				6ADC923C25FDE99400D51821 /* SedeTests.xctest */,
			);
			name = Products;
			sourceTree = "<group>";
		};
		CB8761A9B890EB85A679B3C1 /* Views */ = {
			isa = PBXGroup;
			children = (
				CB876D68F5DB46AF16A6073D /* Seeds.swift */,
				CB876BC5BB2E2DBB08DA15B9 /* Environments.swift */,
				CB876CF2684A20E0568E9689 /* NavigationItemButton.swift */,
				CB8762A066FE01AB75309CEF /* MemoEditor */,
				CB87636476D7AAA003FFB5AA /* MemoSelector */,
			);
			path = Views;
			sourceTree = "<group>";
		};
		CB8762A066FE01AB75309CEF /* MemoEditor */ = {
			isa = PBXGroup;
			children = (
				CB87675E38E38DC9428204BA /* MemoEditorReap.swift */,
				CB8760864B94148A1BBE30E2 /* MemoEditorView.swift */,
			);
			path = MemoEditor;
			sourceTree = "<group>";
		};
		CB87636476D7AAA003FFB5AA /* MemoSelector */ = {
			isa = PBXGroup;
			children = (
				CB876DC9DC547F4BD5B3707C /* MemoSelectorView.swift */,
				CB876B23D545CA779F9DA2B1 /* MemoSelectorReap.swift */,
			);
			path = MemoSelector;
			sourceTree = "<group>";
		};
		CB876C4052D33A292265F546 /* MemoEditing */ = {
			isa = PBXGroup;
			children = (
				CB8761A9B890EB85A679B3C1 /* Views */,
				CB876CE58C8B827EE007C461 /* Models */,
				CB876DF00DE694CDFC74E254 /* Workflows */,
			);
			path = MemoEditing;
			sourceTree = "<group>";
		};
		CB876CE58C8B827EE007C461 /* Models */ = {
			isa = PBXGroup;
			children = (
				CB876B7CC7B1BB7D93F65DF6 /* Memo.swift */,
				CB876B28C50E05B7BB217F4B /* MemoEditor.swift */,
				CB876E81E165D11F4FB8A026 /* MemoStore.swift */,
			);
			path = Models;
			sourceTree = "<group>";
		};
		CB876D97466F822DFE416B65 /* Features */ = {
			isa = PBXGroup;
			children = (
				CB876C4052D33A292265F546 /* MemoEditing */,
			);
			path = Features;
			sourceTree = "<group>";
		};
		CB876DF00DE694CDFC74E254 /* Workflows */ = {
			isa = PBXGroup;
			children = (
				CB876188842098B4E9B64F69 /* SelectMemoWorkflow.swift */,
				CB8768F16E4D0D68C785CA9A /* UpdateMemoEditorWorkflow.swift */,
				CB876A1CE5EB5A92AC692BC2 /* SaveMemoWorkflow.swift */,
			);
			path = Workflows;
			sourceTree = "<group>";
		};
/* End PBXGroup section */

/* Begin PBXNativeTarget section */
		6A7CA73125F826D000E0F5CC /* SedeMemo */ = {
			isa = PBXNativeTarget;
			buildConfigurationList = 6A7CA74125F826D100E0F5CC /* Build configuration list for PBXNativeTarget "SedeMemo" */;
			buildPhases = (
				6A7CA72E25F826D000E0F5CC /* Sources */,
				6A7CA72F25F826D000E0F5CC /* Frameworks */,
				6A7CA73025F826D000E0F5CC /* Resources */,
			);
			buildRules = (
			);
			dependencies = (
				6ADC923E25FDE99B00D51821 /* PBXTargetDependency */,
			);
			name = SedeMemo;
			productName = SedeMemo;
			productReference = 6A7CA73225F826D000E0F5CC /* SedeMemo.app */;
			productType = "com.apple.product-type.application";
		};
/* End PBXNativeTarget section */

/* Begin PBXProject section */
		6A7CA72A25F826D000E0F5CC /* Project object */ = {
			isa = PBXProject;
			attributes = {
				LastSwiftUpdateCheck = 1240;
				LastUpgradeCheck = 1240;
				TargetAttributes = {
					6A7CA73125F826D000E0F5CC = {
						CreatedOnToolsVersion = 12.4;
					};
				};
			};
			buildConfigurationList = 6A7CA72D25F826D000E0F5CC /* Build configuration list for PBXProject "SedeMemo" */;
			compatibilityVersion = "Xcode 9.3";
			developmentRegion = en;
			hasScannedForEncodings = 0;
			knownRegions = (
				en,
				Base,
			);
			mainGroup = 6A7CA72925F826D000E0F5CC;
			productRefGroup = 6A7CA73325F826D000E0F5CC /* Products */;
			projectDirPath = "";
			projectReferences = (
				{
					ProductGroup = 6ADC923325FDE99400D51821 /* Products */;
					ProjectRef = 6ADC923225FDE99400D51821 /* Sede.xcodeproj */;
				},
			);
			projectRoot = "";
			targets = (
				6A7CA73125F826D000E0F5CC /* SedeMemo */,
			);
		};
/* End PBXProject section */

/* Begin PBXReferenceProxy section */
		6ADC923A25FDE99400D51821 /* Sede.framework */ = {
			isa = PBXReferenceProxy;
			fileType = wrapper.framework;
			path = Sede.framework;
			remoteRef = 6ADC923925FDE99400D51821 /* PBXContainerItemProxy */;
			sourceTree = BUILT_PRODUCTS_DIR;
		};
		6ADC923C25FDE99400D51821 /* SedeTests.xctest */ = {
			isa = PBXReferenceProxy;
			fileType = file;
			path = SedeTests.xctest;
			remoteRef = 6ADC923B25FDE99400D51821 /* PBXContainerItemProxy */;
			sourceTree = BUILT_PRODUCTS_DIR;
		};
/* End PBXReferenceProxy section */

/* Begin PBXResourcesBuildPhase section */
		6A7CA73025F826D000E0F5CC /* Resources */ = {
			isa = PBXResourcesBuildPhase;
			buildActionMask = 2147483647;
			files = (
				6A7CA73D25F826D100E0F5CC /* Preview Assets.xcassets in Resources */,
				6A7CA73A25F826D100E0F5CC /* Assets.xcassets in Resources */,
			);
			runOnlyForDeploymentPostprocessing = 0;
		};
/* End PBXResourcesBuildPhase section */

/* Begin PBXSourcesBuildPhase section */
		6A7CA72E25F826D000E0F5CC /* Sources */ = {
			isa = PBXSourcesBuildPhase;
			buildActionMask = 2147483647;
			files = (
				6A7CA73825F826D000E0F5CC /* ContentView.swift in Sources */,
				6A7CA73625F826D000E0F5CC /* SedeMemoApp.swift in Sources */,
				CB876FEA782791B799FC0411 /* Memo.swift in Sources */,
				CB876CBD0E7B72E82D31D8D5 /* Seeds.swift in Sources */,
				CB876048F8D9C0DC85781004 /* Functions.swift in Sources */,
				CB87661DAE312B2928E4B7C9 /* MemoEditor.swift in Sources */,
				CB8766BFE028C9A74509E6F4 /* Environments.swift in Sources */,
				CB8763C1BAA4676F369A8016 /* MemoStore.swift in Sources */,
				CB8767FC49B17D5204324AE2 /* SelectMemoWorkflow.swift in Sources */,
				CB87654A682F2F623F8FDFB8 /* UpdateMemoEditorWorkflow.swift in Sources */,
				CB876DDB5267BC1E20F8DADF /* SaveMemoWorkflow.swift in Sources */,
				CB876A230E7E84D7FB788925 /* NavigationItemButton.swift in Sources */,
				CB876BA2550FDBEAE07C5645 /* MemoEditorReap.swift in Sources */,
				CB87664AD9944E619916D302 /* MemoEditorView.swift in Sources */,
				CB876F459214A1A60983529A /* MemoSelectorView.swift in Sources */,
				CB8763B059A75C15D84A4398 /* MemoSelectorReap.swift in Sources */,
			);
			runOnlyForDeploymentPostprocessing = 0;
		};
/* End PBXSourcesBuildPhase section */

/* Begin PBXTargetDependency section */
		6ADC923E25FDE99B00D51821 /* PBXTargetDependency */ = {
			isa = PBXTargetDependency;
			name = Sede;
			targetProxy = 6ADC923D25FDE99B00D51821 /* PBXContainerItemProxy */;
		};
/* End PBXTargetDependency section */

/* Begin XCBuildConfiguration section */
		6A7CA73F25F826D100E0F5CC /* Debug */ = {
			isa = XCBuildConfiguration;
			buildSettings = {
				ALWAYS_SEARCH_USER_PATHS = NO;
				CLANG_ANALYZER_NONNULL = YES;
				CLANG_ANALYZER_NUMBER_OBJECT_CONVERSION = YES_AGGRESSIVE;
				CLANG_CXX_LANGUAGE_STANDARD = "gnu++14";
				CLANG_CXX_LIBRARY = "libc++";
				CLANG_ENABLE_MODULES = YES;
				CLANG_ENABLE_OBJC_ARC = YES;
				CLANG_ENABLE_OBJC_WEAK = YES;
				CLANG_WARN_BLOCK_CAPTURE_AUTORELEASING = YES;
				CLANG_WARN_BOOL_CONVERSION = YES;
				CLANG_WARN_COMMA = YES;
				CLANG_WARN_CONSTANT_CONVERSION = YES;
				CLANG_WARN_DEPRECATED_OBJC_IMPLEMENTATIONS = YES;
				CLANG_WARN_DIRECT_OBJC_ISA_USAGE = YES_ERROR;
				CLANG_WARN_DOCUMENTATION_COMMENTS = YES;
				CLANG_WARN_EMPTY_BODY = YES;
				CLANG_WARN_ENUM_CONVERSION = YES;
				CLANG_WARN_INFINITE_RECURSION = YES;
				CLANG_WARN_INT_CONVERSION = YES;
				CLANG_WARN_NON_LITERAL_NULL_CONVERSION = YES;
				CLANG_WARN_OBJC_IMPLICIT_RETAIN_SELF = YES;
				CLANG_WARN_OBJC_LITERAL_CONVERSION = YES;
				CLANG_WARN_OBJC_ROOT_CLASS = YES_ERROR;
				CLANG_WARN_QUOTED_INCLUDE_IN_FRAMEWORK_HEADER = YES;
				CLANG_WARN_RANGE_LOOP_ANALYSIS = YES;
				CLANG_WARN_STRICT_PROTOTYPES = YES;
				CLANG_WARN_SUSPICIOUS_MOVE = YES;
				CLANG_WARN_UNGUARDED_AVAILABILITY = YES_AGGRESSIVE;
				CLANG_WARN_UNREACHABLE_CODE = YES;
				CLANG_WARN__DUPLICATE_METHOD_MATCH = YES;
				COPY_PHASE_STRIP = NO;
				DEBUG_INFORMATION_FORMAT = dwarf;
				ENABLE_STRICT_OBJC_MSGSEND = YES;
				ENABLE_TESTABILITY = YES;
				GCC_C_LANGUAGE_STANDARD = gnu11;
				GCC_DYNAMIC_NO_PIC = NO;
				GCC_NO_COMMON_BLOCKS = YES;
				GCC_OPTIMIZATION_LEVEL = 0;
				GCC_PREPROCESSOR_DEFINITIONS = (
					"DEBUG=1",
					"$(inherited)",
				);
				GCC_WARN_64_TO_32_BIT_CONVERSION = YES;
				GCC_WARN_ABOUT_RETURN_TYPE = YES_ERROR;
				GCC_WARN_UNDECLARED_SELECTOR = YES;
				GCC_WARN_UNINITIALIZED_AUTOS = YES_AGGRESSIVE;
				GCC_WARN_UNUSED_FUNCTION = YES;
				GCC_WARN_UNUSED_VARIABLE = YES;
				IPHONEOS_DEPLOYMENT_TARGET = 14.4;
				MTL_ENABLE_DEBUG_INFO = INCLUDE_SOURCE;
				MTL_FAST_MATH = YES;
				ONLY_ACTIVE_ARCH = YES;
				SDKROOT = iphoneos;
				SWIFT_ACTIVE_COMPILATION_CONDITIONS = DEBUG;
				SWIFT_OPTIMIZATION_LEVEL = "-Onone";
			};
			name = Debug;
		};
		6A7CA74025F826D100E0F5CC /* Release */ = {
			isa = XCBuildConfiguration;
			buildSettings = {
				ALWAYS_SEARCH_USER_PATHS = NO;
				CLANG_ANALYZER_NONNULL = YES;
				CLANG_ANALYZER_NUMBER_OBJECT_CONVERSION = YES_AGGRESSIVE;
				CLANG_CXX_LANGUAGE_STANDARD = "gnu++14";
				CLANG_CXX_LIBRARY = "libc++";
				CLANG_ENABLE_MODULES = YES;
				CLANG_ENABLE_OBJC_ARC = YES;
				CLANG_ENABLE_OBJC_WEAK = YES;
				CLANG_WARN_BLOCK_CAPTURE_AUTORELEASING = YES;
				CLANG_WARN_BOOL_CONVERSION = YES;
				CLANG_WARN_COMMA = YES;
				CLANG_WARN_CONSTANT_CONVERSION = YES;
				CLANG_WARN_DEPRECATED_OBJC_IMPLEMENTATIONS = YES;
				CLANG_WARN_DIRECT_OBJC_ISA_USAGE = YES_ERROR;
				CLANG_WARN_DOCUMENTATION_COMMENTS = YES;
				CLANG_WARN_EMPTY_BODY = YES;
				CLANG_WARN_ENUM_CONVERSION = YES;
				CLANG_WARN_INFINITE_RECURSION = YES;
				CLANG_WARN_INT_CONVERSION = YES;
				CLANG_WARN_NON_LITERAL_NULL_CONVERSION = YES;
				CLANG_WARN_OBJC_IMPLICIT_RETAIN_SELF = YES;
				CLANG_WARN_OBJC_LITERAL_CONVERSION = YES;
				CLANG_WARN_OBJC_ROOT_CLASS = YES_ERROR;
				CLANG_WARN_QUOTED_INCLUDE_IN_FRAMEWORK_HEADER = YES;
				CLANG_WARN_RANGE_LOOP_ANALYSIS = YES;
				CLANG_WARN_STRICT_PROTOTYPES = YES;
				CLANG_WARN_SUSPICIOUS_MOVE = YES;
				CLANG_WARN_UNGUARDED_AVAILABILITY = YES_AGGRESSIVE;
				CLANG_WARN_UNREACHABLE_CODE = YES;
				CLANG_WARN__DUPLICATE_METHOD_MATCH = YES;
				COPY_PHASE_STRIP = NO;
				DEBUG_INFORMATION_FORMAT = "dwarf-with-dsym";
				ENABLE_NS_ASSERTIONS = NO;
				ENABLE_STRICT_OBJC_MSGSEND = YES;
				GCC_C_LANGUAGE_STANDARD = gnu11;
				GCC_NO_COMMON_BLOCKS = YES;
				GCC_WARN_64_TO_32_BIT_CONVERSION = YES;
				GCC_WARN_ABOUT_RETURN_TYPE = YES_ERROR;
				GCC_WARN_UNDECLARED_SELECTOR = YES;
				GCC_WARN_UNINITIALIZED_AUTOS = YES_AGGRESSIVE;
				GCC_WARN_UNUSED_FUNCTION = YES;
				GCC_WARN_UNUSED_VARIABLE = YES;
				IPHONEOS_DEPLOYMENT_TARGET = 14.4;
				MTL_ENABLE_DEBUG_INFO = NO;
				MTL_FAST_MATH = YES;
				SDKROOT = iphoneos;
				SWIFT_COMPILATION_MODE = wholemodule;
				SWIFT_OPTIMIZATION_LEVEL = "-O";
				VALIDATE_PRODUCT = YES;
			};
			name = Release;
		};
		6A7CA74225F826D100E0F5CC /* Debug */ = {
			isa = XCBuildConfiguration;
			buildSettings = {
				ASSETCATALOG_COMPILER_APPICON_NAME = AppIcon;
				ASSETCATALOG_COMPILER_GLOBAL_ACCENT_COLOR_NAME = AccentColor;
				CODE_SIGN_STYLE = Automatic;
				DEVELOPMENT_ASSET_PATHS = "\"SedeMemo/Preview Content\"";
				DEVELOPMENT_TEAM = RV6DJ2NMCD;
				ENABLE_PREVIEWS = YES;
				INFOPLIST_FILE = SedeMemo/Info.plist;
				IPHONEOS_DEPLOYMENT_TARGET = 14.0;
				LD_RUNPATH_SEARCH_PATHS = (
					"$(inherited)",
					"@executable_path/Frameworks",
				);
				PRODUCT_BUNDLE_IDENTIFIER = jp.caph.SedeMemo;
				PRODUCT_NAME = "$(TARGET_NAME)";
				SWIFT_VERSION = 5.0;
				TARGETED_DEVICE_FAMILY = "1,2";
			};
			name = Debug;
		};
		6A7CA74325F826D100E0F5CC /* Release */ = {
			isa = XCBuildConfiguration;
			buildSettings = {
				ASSETCATALOG_COMPILER_APPICON_NAME = AppIcon;
				ASSETCATALOG_COMPILER_GLOBAL_ACCENT_COLOR_NAME = AccentColor;
				CODE_SIGN_STYLE = Automatic;
				DEVELOPMENT_ASSET_PATHS = "\"SedeMemo/Preview Content\"";
				DEVELOPMENT_TEAM = RV6DJ2NMCD;
				ENABLE_PREVIEWS = YES;
				INFOPLIST_FILE = SedeMemo/Info.plist;
				IPHONEOS_DEPLOYMENT_TARGET = 14.0;
				LD_RUNPATH_SEARCH_PATHS = (
					"$(inherited)",
					"@executable_path/Frameworks",
				);
				PRODUCT_BUNDLE_IDENTIFIER = jp.caph.SedeMemo;
				PRODUCT_NAME = "$(TARGET_NAME)";
				SWIFT_VERSION = 5.0;
				TARGETED_DEVICE_FAMILY = "1,2";
			};
			name = Release;
		};
/* End XCBuildConfiguration section */

/* Begin XCConfigurationList section */
		6A7CA72D25F826D000E0F5CC /* Build configuration list for PBXProject "SedeMemo" */ = {
			isa = XCConfigurationList;
			buildConfigurations = (
				6A7CA73F25F826D100E0F5CC /* Debug */,
				6A7CA74025F826D100E0F5CC /* Release */,
			);
			defaultConfigurationIsVisible = 0;
			defaultConfigurationName = Release;
		};
		6A7CA74125F826D100E0F5CC /* Build configuration list for PBXNativeTarget "SedeMemo" */ = {
			isa = XCConfigurationList;
			buildConfigurations = (
				6A7CA74225F826D100E0F5CC /* Debug */,
				6A7CA74325F826D100E0F5CC /* Release */,
			);
			defaultConfigurationIsVisible = 0;
			defaultConfigurationName = Release;
		};
/* End XCConfigurationList section */
	};
	rootObject = 6A7CA72A25F826D000E0F5CC /* Project object */;
}
